
Microsoft Visual Studio Solution File, Format Version 12.00
# Visual Studio Version 17
VisualStudioVersion = 17.7.34031.279
MinimumVisualStudioVersion = 10.0.40219.1
Project("{9A19103F-16F7-4668-BE54-9A1E7A4F7556}") = "MarketingCenter_dev5", "MarketingCenter_dev5\MarketingCenter_dev5.csproj", "{AB20CF7C-4C1F-4B81-B39A-5AB9230E70C1}"
EndProject
Project("{9A19103F-16F7-4668-BE54-9A1E7A4F7556}") = "MarketingCenterData", "MarketingCenterData\MarketingCenterData.csproj", "{52F2A809-1119-469C-B520-6B4F100B786F}"
EndProject
Project("{FAE04EC0-301F-11D3-BF4B-00C04F79EFBC}") = "MarketingCenter_dev5Tests", "MarketingCenter_dev5Tests\MarketingCenter_dev5Tests.csproj", "{4E02DEC1-9993-4EB2-98DD-5FAED4B6A220}"
EndProject
Global
	GlobalSection(SolutionConfigurationPlatforms) = preSolution
		Debug|Any CPU = Debug|Any CPU
		Release|Any CPU = Release|Any CPU
	EndGlobalSection
	GlobalSection(ProjectConfigurationPlatforms) = postSolution
		{AB20CF7C-4C1F-4B81-B39A-5AB9230E70C1}.Debug|Any CPU.ActiveCfg = Debug|Any CPU
		{AB20CF7C-4C1F-4B81-B39A-5AB9230E70C1}.Debug|Any CPU.Build.0 = Debug|Any CPU
		{AB20CF7C-4C1F-4B81-B39A-5AB9230E70C1}.Release|Any CPU.ActiveCfg = Release|Any CPU
		{AB20CF7C-4C1F-4B81-B39A-5AB9230E70C1}.Release|Any CPU.Build.0 = Release|Any CPU
		{52F2A809-1119-469C-B520-6B4F100B786F}.Debug|Any CPU.ActiveCfg = Debug|Any CPU
		{52F2A809-1119-469C-B520-6B4F100B786F}.Debug|Any CPU.Build.0 = Debug|Any CPU
		{52F2A809-1119-469C-B520-6B4F100B786F}.Release|Any CPU.ActiveCfg = Release|Any CPU
		{52F2A809-1119-469C-B520-6B4F100B786F}.Release|Any CPU.Build.0 = Release|Any CPU
		{4E02DEC1-9993-4EB2-98DD-5FAED4B6A220}.Debug|Any CPU.ActiveCfg = Debug|Any CPU
		{4E02DEC1-9993-4EB2-98DD-5FAED4B6A220}.Debug|Any CPU.Build.0 = Debug|Any CPU
		{4E02DEC1-9993-4EB2-98DD-5FAED4B6A220}.Release|Any CPU.ActiveCfg = Release|Any CPU
		{4E02DEC1-9993-4EB2-98DD-5FAED4B6A220}.Release|Any CPU.Build.0 = Release|Any CPU
	EndGlobalSection
	GlobalSection(SolutionProperties) = preSolution
		HideSolutionNode = FALSE
	EndGlobalSection
	GlobalSection(ExtensibilityGlobals) = postSolution
		SolutionGuid = {E2E2A937-D45C-4C10-9C07-29D7B3CF5509}
	EndGlobalSection
EndGlobal
